
Microsoft Visual Studio Solution File, Format Version 12.00
# Visual Studio Version 17
VisualStudioVersion = 17.7.34024.191
MinimumVisualStudioVersion = 10.0.40219.1
Project("{FAE04EC0-301F-11D3-BF4B-00C04F79EFBC}") = "Radar.Web", "Radar.Web\Radar.Web.csproj", "{45A9E58B-B459-4F76-8BB9-5B695FBA568B}"
EndProject
Global
	GlobalSection(SolutionConfigurationPlatforms) = preSolution
		Debug|Any CPU = Debug|Any CPU
		Release|Any CPU = Release|Any CPU
	EndGlobalSection
	GlobalSection(ProjectConfigurationPlatforms) = postSolution
		{45A9E58B-B459-4F76-8BB9-5B695FBA568B}.Debug|Any CPU.ActiveCfg = Debug|Any CPU
		{45A9E58B-B459-4F76-8BB9-5B695FBA568B}.Debug|Any CPU.Build.0 = Debug|Any CPU
		{45A9E58B-B459-4F76-8BB9-5B695FBA568B}.Release|Any CPU.ActiveCfg = Release|Any CPU
		{45A9E58B-B459-4F76-8BB9-5B695FBA568B}.Release|Any CPU.Build.0 = Release|Any CPU
	EndGlobalSection
	GlobalSection(SolutionProperties) = preSolution
		HideSolutionNode = FALSE
	EndGlobalSection
	GlobalSection(ExtensibilityGlobals) = postSolution
		SolutionGuid = {4FD23659-9D8B-49AD-913D-82CCA336F848}
	EndGlobalSection
EndGlobal
